// !$*UTF8*$!
{
	archiveVersion = 1;
	classes = {
	};
	objectVersion = 52;
	objects = {

/* Begin PBXBuildFile section */
		3E1EBC1A25AEACA5004BD1C4 /* UITableView+Ext.swift in Sources */ = {isa = PBXBuildFile; fileRef = 3E1EBC1925AEACA5004BD1C4 /* UITableView+Ext.swift */; };
		3E249A9425B0DA7A009D7337 /* APIError.swift in Sources */ = {isa = PBXBuildFile; fileRef = 3E249A9325B0DA7A009D7337 /* APIError.swift */; };
		3E309CAF2594283200E47862 /* APIDataManager.swift in Sources */ = {isa = PBXBuildFile; fileRef = 3E309CAE2594283200E47862 /* APIDataManager.swift */; };
		3E370586258EFDD2003144DB /* CharacterListTableViewController.swift in Sources */ = {isa = PBXBuildFile; fileRef = 3E370585258EFDD2003144DB /* CharacterListTableViewController.swift */; };
		3E37058E258F12E1003144DB /* CharacterTableViewCell.swift in Sources */ = {isa = PBXBuildFile; fileRef = 3E37058C258F12E1003144DB /* CharacterTableViewCell.swift */; };
		3E37058F258F12E1003144DB /* CharacterTableViewCell.xib in Resources */ = {isa = PBXBuildFile; fileRef = 3E37058D258F12E1003144DB /* CharacterTableViewCell.xib */; };
		3E7C1967258C62A800A715BE /* README.md in Resources */ = {isa = PBXBuildFile; fileRef = 3E7C1966258C62A800A715BE /* README.md */; };
		3E7C742D2599A61300B76620 /* CharacterDetailVC.swift in Sources */ = {isa = PBXBuildFile; fileRef = 3E7C742B2599A61300B76620 /* CharacterDetailVC.swift */; };
		3E7C742E2599A61300B76620 /* CharacterDetailVC.xib in Resources */ = {isa = PBXBuildFile; fileRef = 3E7C742C2599A61300B76620 /* CharacterDetailVC.xib */; };
		3EA398CE258C53B800ABE87C /* AppDelegate.swift in Sources */ = {isa = PBXBuildFile; fileRef = 3EA398CD258C53B800ABE87C /* AppDelegate.swift */; };
		3EA398D0258C53B800ABE87C /* SceneDelegate.swift in Sources */ = {isa = PBXBuildFile; fileRef = 3EA398CF258C53B800ABE87C /* SceneDelegate.swift */; };
		3EA398D7258C53BA00ABE87C /* Assets.xcassets in Resources */ = {isa = PBXBuildFile; fileRef = 3EA398D6258C53BA00ABE87C /* Assets.xcassets */; };
		3EA398DA258C53BA00ABE87C /* LaunchScreen.storyboard in Resources */ = {isa = PBXBuildFile; fileRef = 3EA398D8258C53BA00ABE87C /* LaunchScreen.storyboard */; };
		3EC888EB25998ED1007EB4E9 /* Kingfisher in Frameworks */ = {isa = PBXBuildFile; productRef = 3EC888EA25998ED1007EB4E9 /* Kingfisher */; };
		3EE388022591952A003035AF /* Character.swift in Sources */ = {isa = PBXBuildFile; fileRef = 3EE388012591952A003035AF /* Character.swift */; };
/* End PBXBuildFile section */

/* Begin PBXFileReference section */
		3E1EBC1925AEACA5004BD1C4 /* UITableView+Ext.swift */ = {isa = PBXFileReference; lastKnownFileType = sourcecode.swift; path = "UITableView+Ext.swift"; sourceTree = "<group>"; };
		3E249A9325B0DA7A009D7337 /* APIError.swift */ = {isa = PBXFileReference; lastKnownFileType = sourcecode.swift; path = APIError.swift; sourceTree = "<group>"; };
		3E309CAE2594283200E47862 /* APIDataManager.swift */ = {isa = PBXFileReference; lastKnownFileType = sourcecode.swift; path = APIDataManager.swift; sourceTree = "<group>"; };
		3E370585258EFDD2003144DB /* CharacterListTableViewController.swift */ = {isa = PBXFileReference; lastKnownFileType = sourcecode.swift; path = CharacterListTableViewController.swift; sourceTree = "<group>"; };
		3E37058C258F12E1003144DB /* CharacterTableViewCell.swift */ = {isa = PBXFileReference; lastKnownFileType = sourcecode.swift; path = CharacterTableViewCell.swift; sourceTree = "<group>"; };
		3E37058D258F12E1003144DB /* CharacterTableViewCell.xib */ = {isa = PBXFileReference; lastKnownFileType = file.xib; path = CharacterTableViewCell.xib; sourceTree = "<group>"; };
		3E7C1966258C62A800A715BE /* README.md */ = {isa = PBXFileReference; explicitFileType = net.daringfireball.markdown; fileEncoding = 4; path = README.md; sourceTree = "<group>"; };
		3E7C742B2599A61300B76620 /* CharacterDetailVC.swift */ = {isa = PBXFileReference; lastKnownFileType = sourcecode.swift; path = CharacterDetailVC.swift; sourceTree = "<group>"; };
		3E7C742C2599A61300B76620 /* CharacterDetailVC.xib */ = {isa = PBXFileReference; lastKnownFileType = file.xib; path = CharacterDetailVC.xib; sourceTree = "<group>"; };
		3EA398CA258C53B800ABE87C /* RickAndMorty Characters iOS.app */ = {isa = PBXFileReference; explicitFileType = wrapper.application; includeInIndex = 0; path = "RickAndMorty Characters iOS.app"; sourceTree = BUILT_PRODUCTS_DIR; };
		3EA398CD258C53B800ABE87C /* AppDelegate.swift */ = {isa = PBXFileReference; lastKnownFileType = sourcecode.swift; path = AppDelegate.swift; sourceTree = "<group>"; };
		3EA398CF258C53B800ABE87C /* SceneDelegate.swift */ = {isa = PBXFileReference; lastKnownFileType = sourcecode.swift; path = SceneDelegate.swift; sourceTree = "<group>"; };
		3EA398D6258C53BA00ABE87C /* Assets.xcassets */ = {isa = PBXFileReference; lastKnownFileType = folder.assetcatalog; path = Assets.xcassets; sourceTree = "<group>"; };
		3EA398D9258C53BA00ABE87C /* Base */ = {isa = PBXFileReference; lastKnownFileType = file.storyboard; name = Base; path = Base.lproj/LaunchScreen.storyboard; sourceTree = "<group>"; };
		3EA398DB258C53BA00ABE87C /* Info.plist */ = {isa = PBXFileReference; lastKnownFileType = text.plist.xml; path = Info.plist; sourceTree = "<group>"; };
		3EE388012591952A003035AF /* Character.swift */ = {isa = PBXFileReference; lastKnownFileType = sourcecode.swift; path = Character.swift; sourceTree = "<group>"; };
/* End PBXFileReference section */

/* Begin PBXFrameworksBuildPhase section */
		3EA398C7258C53B800ABE87C /* Frameworks */ = {
			isa = PBXFrameworksBuildPhase;
			buildActionMask = 2147483647;
			files = (
				3EC888EB25998ED1007EB4E9 /* Kingfisher in Frameworks */,
			);
			runOnlyForDeploymentPostprocessing = 0;
		};
/* End PBXFrameworksBuildPhase section */

/* Begin PBXGroup section */
		3E035078258C6535005AB58B /* Modules */ = {
			isa = PBXGroup;
			children = (
				3E035079258C653F005AB58B /* Launch */,
				3E37057E258EFC3E003144DB /* CharacterList */,
				3E51B0CB2599A3FE005A90D1 /* CharacterDetail */,
			);
			path = Modules;
			sourceTree = "<group>";
		};
		3E035079258C653F005AB58B /* Launch */ = {
			isa = PBXGroup;
			children = (
				3EA398D8258C53BA00ABE87C /* LaunchScreen.storyboard */,
			);
			path = Launch;
			sourceTree = "<group>";
		};
		3E03507A258C654E005AB58B /* Services */ = {
			isa = PBXGroup;
			children = (
				3E7252EA259565BC00CD7B7E /* Remote */,
			);
			path = Services;
			sourceTree = "<group>";
		};
		3E03507C258C6611005AB58B /* AppDelegate */ = {
			isa = PBXGroup;
			children = (
				3EA398CD258C53B800ABE87C /* AppDelegate.swift */,
				3EA398CF258C53B800ABE87C /* SceneDelegate.swift */,
			);
			path = AppDelegate;
			sourceTree = "<group>";
		};
		3E37057E258EFC3E003144DB /* CharacterList */ = {
			isa = PBXGroup;
			children = (
				3E370585258EFDD2003144DB /* CharacterListTableViewController.swift */,
				3E370592258F1334003144DB /* Cell */,
			);
			path = CharacterList;
			sourceTree = "<group>";
		};
		3E370592258F1334003144DB /* Cell */ = {
			isa = PBXGroup;
			children = (
				3E37058C258F12E1003144DB /* CharacterTableViewCell.swift */,
				3E37058D258F12E1003144DB /* CharacterTableViewCell.xib */,
			);
			path = Cell;
			sourceTree = "<group>";
		};
		3E51B0CB2599A3FE005A90D1 /* CharacterDetail */ = {
			isa = PBXGroup;
			children = (
				3E7C742B2599A61300B76620 /* CharacterDetailVC.swift */,
				3E7C742C2599A61300B76620 /* CharacterDetailVC.xib */,
			);
			path = CharacterDetail;
			sourceTree = "<group>";
		};
		3E7252EA259565BC00CD7B7E /* Remote */ = {
			isa = PBXGroup;
			children = (
				3E309CAE2594283200E47862 /* APIDataManager.swift */,
				3E249A9325B0DA7A009D7337 /* APIError.swift */,
			);
			path = Remote;
			sourceTree = "<group>";
		};
		3EA398C1258C53B800ABE87C = {
			isa = PBXGroup;
			children = (
				3EA398CC258C53B800ABE87C /* RickAndMorty Characters iOS */,
				3E7C1966258C62A800A715BE /* README.md */,
				3EA398CB258C53B800ABE87C /* Products */,
			);
			sourceTree = "<group>";
		};
		3EA398CB258C53B800ABE87C /* Products */ = {
			isa = PBXGroup;
			children = (
				3EA398CA258C53B800ABE87C /* RickAndMorty Characters iOS.app */,
			);
			name = Products;
			sourceTree = "<group>";
		};
		3EA398CC258C53B800ABE87C /* RickAndMorty Characters iOS */ = {
			isa = PBXGroup;
			children = (
				3E03507C258C6611005AB58B /* AppDelegate */,
				3E035078258C6535005AB58B /* Modules */,
				3E03507A258C654E005AB58B /* Services */,
				3EE38800259194F6003035AF /* Model */,
				3EE387FE259187E6003035AF /* Utils */,
				3EA398D6258C53BA00ABE87C /* Assets.xcassets */,
				3EA398DB258C53BA00ABE87C /* Info.plist */,
			);
			path = "RickAndMorty Characters iOS";
			sourceTree = "<group>";
		};
		3EE387FE259187E6003035AF /* Utils */ = {
			isa = PBXGroup;
			children = (
				3E1EBC1925AEACA5004BD1C4 /* UITableView+Ext.swift */,
			);
			path = Utils;
			sourceTree = "<group>";
		};
		3EE38800259194F6003035AF /* Model */ = {
			isa = PBXGroup;
			children = (
				3EE388012591952A003035AF /* Character.swift */,
			);
			path = Model;
			sourceTree = "<group>";
		};
/* End PBXGroup section */

/* Begin PBXNativeTarget section */
		3EA398C9258C53B800ABE87C /* RickAndMorty Characters iOS */ = {
			isa = PBXNativeTarget;
			buildConfigurationList = 3EA398DE258C53BA00ABE87C /* Build configuration list for PBXNativeTarget "RickAndMorty Characters iOS" */;
			buildPhases = (
				3EA398C6258C53B800ABE87C /* Sources */,
				3EA398C7258C53B800ABE87C /* Frameworks */,
				3EA398C8258C53B800ABE87C /* Resources */,
			);
			buildRules = (
			);
			dependencies = (
			);
			name = "RickAndMorty Characters iOS";
			packageProductDependencies = (
				3EC888EA25998ED1007EB4E9 /* Kingfisher */,
			);
			productName = "RickAndMorty Characters iOS";
			productReference = 3EA398CA258C53B800ABE87C /* RickAndMorty Characters iOS.app */;
			productType = "com.apple.product-type.application";
		};
/* End PBXNativeTarget section */

/* Begin PBXProject section */
		3EA398C2258C53B800ABE87C /* Project object */ = {
			isa = PBXProject;
			attributes = {
				LastSwiftUpdateCheck = 1220;
				LastUpgradeCheck = 1220;
				TargetAttributes = {
					3EA398C9258C53B800ABE87C = {
						CreatedOnToolsVersion = 12.2;
					};
				};
			};
			buildConfigurationList = 3EA398C5258C53B800ABE87C /* Build configuration list for PBXProject "RickAndMorty Characters iOS" */;
			compatibilityVersion = "Xcode 9.3";
			developmentRegion = en;
			hasScannedForEncodings = 0;
			knownRegions = (
				en,
				Base,
			);
			mainGroup = 3EA398C1258C53B800ABE87C;
			packageReferences = (
				3EC888E925998ED1007EB4E9 /* XCRemoteSwiftPackageReference "Kingfisher" */,
			);
			productRefGroup = 3EA398CB258C53B800ABE87C /* Products */;
			projectDirPath = "";
			projectRoot = "";
			targets = (
				3EA398C9258C53B800ABE87C /* RickAndMorty Characters iOS */,
			);
		};
/* End PBXProject section */

/* Begin PBXResourcesBuildPhase section */
		3EA398C8258C53B800ABE87C /* Resources */ = {
			isa = PBXResourcesBuildPhase;
			buildActionMask = 2147483647;
			files = (
				3E7C742E2599A61300B76620 /* CharacterDetailVC.xib in Resources */,
				3EA398DA258C53BA00ABE87C /* LaunchScreen.storyboard in Resources */,
				3EA398D7258C53BA00ABE87C /* Assets.xcassets in Resources */,
				3E7C1967258C62A800A715BE /* README.md in Resources */,
				3E37058F258F12E1003144DB /* CharacterTableViewCell.xib in Resources */,
			);
			runOnlyForDeploymentPostprocessing = 0;
		};
/* End PBXResourcesBuildPhase section */

/* Begin PBXSourcesBuildPhase section */
		3EA398C6258C53B800ABE87C /* Sources */ = {
			isa = PBXSourcesBuildPhase;
			buildActionMask = 2147483647;
			files = (
				3EA398CE258C53B800ABE87C /* AppDelegate.swift in Sources */,
				3E37058E258F12E1003144DB /* CharacterTableViewCell.swift in Sources */,
				3E1EBC1A25AEACA5004BD1C4 /* UITableView+Ext.swift in Sources */,
				3E7C742D2599A61300B76620 /* CharacterDetailVC.swift in Sources */,
				3EE388022591952A003035AF /* Character.swift in Sources */,
				3E309CAF2594283200E47862 /* APIDataManager.swift in Sources */,
				3E370586258EFDD2003144DB /* CharacterListTableViewController.swift in Sources */,
				3EA398D0258C53B800ABE87C /* SceneDelegate.swift in Sources */,
				3E249A9425B0DA7A009D7337 /* APIError.swift in Sources */,
			);
			runOnlyForDeploymentPostprocessing = 0;
		};
/* End PBXSourcesBuildPhase section */

/* Begin PBXVariantGroup section */
		3EA398D8258C53BA00ABE87C /* LaunchScreen.storyboard */ = {
			isa = PBXVariantGroup;
			children = (
				3EA398D9258C53BA00ABE87C /* Base */,
			);
			name = LaunchScreen.storyboard;
			sourceTree = "<group>";
		};
/* End PBXVariantGroup section */

/* Begin XCBuildConfiguration section */
		3EA398DC258C53BA00ABE87C /* Debug */ = {
			isa = XCBuildConfiguration;
			buildSettings = {
				ALWAYS_SEARCH_USER_PATHS = NO;
				CLANG_ANALYZER_NONNULL = YES;
				CLANG_ANALYZER_NUMBER_OBJECT_CONVERSION = YES_AGGRESSIVE;
				CLANG_CXX_LANGUAGE_STANDARD = "gnu++14";
				CLANG_CXX_LIBRARY = "libc++";
				CLANG_ENABLE_MODULES = YES;
				CLANG_ENABLE_OBJC_ARC = YES;
				CLANG_ENABLE_OBJC_WEAK = YES;
				CLANG_WARN_BLOCK_CAPTURE_AUTORELEASING = YES;
				CLANG_WARN_BOOL_CONVERSION = YES;
				CLANG_WARN_COMMA = YES;
				CLANG_WARN_CONSTANT_CONVERSION = YES;
				CLANG_WARN_DEPRECATED_OBJC_IMPLEMENTATIONS = YES;
				CLANG_WARN_DIRECT_OBJC_ISA_USAGE = YES_ERROR;
				CLANG_WARN_DOCUMENTATION_COMMENTS = YES;
				CLANG_WARN_EMPTY_BODY = YES;
				CLANG_WARN_ENUM_CONVERSION = YES;
				CLANG_WARN_INFINITE_RECURSION = YES;
				CLANG_WARN_INT_CONVERSION = YES;
				CLANG_WARN_NON_LITERAL_NULL_CONVERSION = YES;
				CLANG_WARN_OBJC_IMPLICIT_RETAIN_SELF = YES;
				CLANG_WARN_OBJC_LITERAL_CONVERSION = YES;
				CLANG_WARN_OBJC_ROOT_CLASS = YES_ERROR;
				CLANG_WARN_QUOTED_INCLUDE_IN_FRAMEWORK_HEADER = YES;
				CLANG_WARN_RANGE_LOOP_ANALYSIS = YES;
				CLANG_WARN_STRICT_PROTOTYPES = YES;
				CLANG_WARN_SUSPICIOUS_MOVE = YES;
				CLANG_WARN_UNGUARDED_AVAILABILITY = YES_AGGRESSIVE;
				CLANG_WARN_UNREACHABLE_CODE = YES;
				CLANG_WARN__DUPLICATE_METHOD_MATCH = YES;
				COPY_PHASE_STRIP = NO;
				DEBUG_INFORMATION_FORMAT = dwarf;
				ENABLE_STRICT_OBJC_MSGSEND = YES;
				ENABLE_TESTABILITY = YES;
				GCC_C_LANGUAGE_STANDARD = gnu11;
				GCC_DYNAMIC_NO_PIC = NO;
				GCC_NO_COMMON_BLOCKS = YES;
				GCC_OPTIMIZATION_LEVEL = 0;
				GCC_PREPROCESSOR_DEFINITIONS = (
					"DEBUG=1",
					"$(inherited)",
				);
				GCC_WARN_64_TO_32_BIT_CONVERSION = YES;
				GCC_WARN_ABOUT_RETURN_TYPE = YES_ERROR;
				GCC_WARN_UNDECLARED_SELECTOR = YES;
				GCC_WARN_UNINITIALIZED_AUTOS = YES_AGGRESSIVE;
				GCC_WARN_UNUSED_FUNCTION = YES;
				GCC_WARN_UNUSED_VARIABLE = YES;
				IPHONEOS_DEPLOYMENT_TARGET = 13.0;
				MTL_ENABLE_DEBUG_INFO = INCLUDE_SOURCE;
				MTL_FAST_MATH = YES;
				ONLY_ACTIVE_ARCH = YES;
				SDKROOT = iphoneos;
				SWIFT_ACTIVE_COMPILATION_CONDITIONS = DEBUG;
				SWIFT_OPTIMIZATION_LEVEL = "-Onone";
			};
			name = Debug;
		};
		3EA398DD258C53BA00ABE87C /* Release */ = {
			isa = XCBuildConfiguration;
			buildSettings = {
				ALWAYS_SEARCH_USER_PATHS = NO;
				CLANG_ANALYZER_NONNULL = YES;
				CLANG_ANALYZER_NUMBER_OBJECT_CONVERSION = YES_AGGRESSIVE;
				CLANG_CXX_LANGUAGE_STANDARD = "gnu++14";
				CLANG_CXX_LIBRARY = "libc++";
				CLANG_ENABLE_MODULES = YES;
				CLANG_ENABLE_OBJC_ARC = YES;
				CLANG_ENABLE_OBJC_WEAK = YES;
				CLANG_WARN_BLOCK_CAPTURE_AUTORELEASING = YES;
				CLANG_WARN_BOOL_CONVERSION = YES;
				CLANG_WARN_COMMA = YES;
				CLANG_WARN_CONSTANT_CONVERSION = YES;
				CLANG_WARN_DEPRECATED_OBJC_IMPLEMENTATIONS = YES;
				CLANG_WARN_DIRECT_OBJC_ISA_USAGE = YES_ERROR;
				CLANG_WARN_DOCUMENTATION_COMMENTS = YES;
				CLANG_WARN_EMPTY_BODY = YES;
				CLANG_WARN_ENUM_CONVERSION = YES;
				CLANG_WARN_INFINITE_RECURSION = YES;
				CLANG_WARN_INT_CONVERSION = YES;
				CLANG_WARN_NON_LITERAL_NULL_CONVERSION = YES;
				CLANG_WARN_OBJC_IMPLICIT_RETAIN_SELF = YES;
				CLANG_WARN_OBJC_LITERAL_CONVERSION = YES;
				CLANG_WARN_OBJC_ROOT_CLASS = YES_ERROR;
				CLANG_WARN_QUOTED_INCLUDE_IN_FRAMEWORK_HEADER = YES;
				CLANG_WARN_RANGE_LOOP_ANALYSIS = YES;
				CLANG_WARN_STRICT_PROTOTYPES = YES;
				CLANG_WARN_SUSPICIOUS_MOVE = YES;
				CLANG_WARN_UNGUARDED_AVAILABILITY = YES_AGGRESSIVE;
				CLANG_WARN_UNREACHABLE_CODE = YES;
				CLANG_WARN__DUPLICATE_METHOD_MATCH = YES;
				COPY_PHASE_STRIP = NO;
				DEBUG_INFORMATION_FORMAT = "dwarf-with-dsym";
				ENABLE_NS_ASSERTIONS = NO;
				ENABLE_STRICT_OBJC_MSGSEND = YES;
				GCC_C_LANGUAGE_STANDARD = gnu11;
				GCC_NO_COMMON_BLOCKS = YES;
				GCC_WARN_64_TO_32_BIT_CONVERSION = YES;
				GCC_WARN_ABOUT_RETURN_TYPE = YES_ERROR;
				GCC_WARN_UNDECLARED_SELECTOR = YES;
				GCC_WARN_UNINITIALIZED_AUTOS = YES_AGGRESSIVE;
				GCC_WARN_UNUSED_FUNCTION = YES;
				GCC_WARN_UNUSED_VARIABLE = YES;
				IPHONEOS_DEPLOYMENT_TARGET = 13.0;
				MTL_ENABLE_DEBUG_INFO = NO;
				MTL_FAST_MATH = YES;
				SDKROOT = iphoneos;
				SWIFT_COMPILATION_MODE = wholemodule;
				SWIFT_OPTIMIZATION_LEVEL = "-O";
				VALIDATE_PRODUCT = YES;
			};
			name = Release;
		};
		3EA398DF258C53BA00ABE87C /* Debug */ = {
			isa = XCBuildConfiguration;
			buildSettings = {
				ASSETCATALOG_COMPILER_APPICON_NAME = AppIcon;
				ASSETCATALOG_COMPILER_GLOBAL_ACCENT_COLOR_NAME = AccentColor;
				CODE_SIGN_IDENTITY = "Apple Development";
				CODE_SIGN_STYLE = Automatic;
				DEVELOPMENT_TEAM = P39ZCVPYYR;
				INFOPLIST_FILE = "RickAndMorty Characters iOS/Info.plist";
				IPHONEOS_DEPLOYMENT_TARGET = 13.0;
				LD_RUNPATH_SEARCH_PATHS = (
					"$(inherited)",
					"@executable_path/Frameworks",
				);
				PRODUCT_BUNDLE_IDENTIFIER = "com.duilan.RickAndMorty-Characters-iOS";
				PRODUCT_NAME = "$(TARGET_NAME)";
				PROVISIONING_PROFILE_SPECIFIER = "";
				SWIFT_VERSION = 5.0;
				TARGETED_DEVICE_FAMILY = 1;
			};
			name = Debug;
		};
		3EA398E0258C53BA00ABE87C /* Release */ = {
			isa = XCBuildConfiguration;
			buildSettings = {
				ASSETCATALOG_COMPILER_APPICON_NAME = AppIcon;
				ASSETCATALOG_COMPILER_GLOBAL_ACCENT_COLOR_NAME = AccentColor;
				CODE_SIGN_IDENTITY = "Apple Development";
				CODE_SIGN_STYLE = Automatic;
				DEVELOPMENT_TEAM = P39ZCVPYYR;
				INFOPLIST_FILE = "RickAndMorty Characters iOS/Info.plist";
				IPHONEOS_DEPLOYMENT_TARGET = 13.0;
				LD_RUNPATH_SEARCH_PATHS = (
					"$(inherited)",
					"@executable_path/Frameworks",
				);
				PRODUCT_BUNDLE_IDENTIFIER = "com.duilan.RickAndMorty-Characters-iOS";
				PRODUCT_NAME = "$(TARGET_NAME)";
				PROVISIONING_PROFILE_SPECIFIER = "";
				SWIFT_VERSION = 5.0;
				TARGETED_DEVICE_FAMILY = 1;
			};
			name = Release;
		};
/* End XCBuildConfiguration section */

/* Begin XCConfigurationList section */
		3EA398C5258C53B800ABE87C /* Build configuration list for PBXProject "RickAndMorty Characters iOS" */ = {
			isa = XCConfigurationList;
			buildConfigurations = (
				3EA398DC258C53BA00ABE87C /* Debug */,
				3EA398DD258C53BA00ABE87C /* Release */,
			);
			defaultConfigurationIsVisible = 0;
			defaultConfigurationName = Release;
		};
		3EA398DE258C53BA00ABE87C /* Build configuration list for PBXNativeTarget "RickAndMorty Characters iOS" */ = {
			isa = XCConfigurationList;
			buildConfigurations = (
				3EA398DF258C53BA00ABE87C /* Debug */,
				3EA398E0258C53BA00ABE87C /* Release */,
			);
			defaultConfigurationIsVisible = 0;
			defaultConfigurationName = Release;
		};
/* End XCConfigurationList section */

/* Begin XCRemoteSwiftPackageReference section */
		3EC888E925998ED1007EB4E9 /* XCRemoteSwiftPackageReference "Kingfisher" */ = {
			isa = XCRemoteSwiftPackageReference;
			repositoryURL = "https://github.com/onevcat/Kingfisher.git";
			requirement = {
				kind = upToNextMajorVersion;
				minimumVersion = 5.15.8;
			};
		};
/* End XCRemoteSwiftPackageReference section */

/* Begin XCSwiftPackageProductDependency section */
		3EC888EA25998ED1007EB4E9 /* Kingfisher */ = {
			isa = XCSwiftPackageProductDependency;
			package = 3EC888E925998ED1007EB4E9 /* XCRemoteSwiftPackageReference "Kingfisher" */;
			productName = Kingfisher;
		};
/* End XCSwiftPackageProductDependency section */
	};
	rootObject = 3EA398C2258C53B800ABE87C /* Project object */;
}
